
Microsoft Visual Studio Solution File, Format Version 12.00
# Visual Studio Version 17
VisualStudioVersion = 17.9.34728.123
MinimumVisualStudioVersion = 10.0.40219.1
Project("{FAE04EC0-301F-11D3-BF4B-00C04F79EFBC}") = "TestProject", "TestProject\TestProject.csproj", "{B5F9C3D1-DB51-4BB6-9B04-4B597280BA46}"
EndProject
Project("{FAE04EC0-301F-11D3-BF4B-00C04F79EFBC}") = "TestProject.Data", "TestProject.Data\TestProject.Data.csproj", "{756E8394-FFCB-4765-9515-CF993E34DA31}"
EndProject
Project("{FAE04EC0-301F-11D3-BF4B-00C04F79EFBC}") = "TestProject.Domain", "TestProject.Domain\TestProject.Domain.csproj", "{F491F551-39DA-4CB7-B1A5-0776166B9289}"
EndProject
Project("{FAE04EC0-301F-11D3-BF4B-00C04F79EFBC}") = "TestProject.Application", "TestProject.Application\TestProject.Application.csproj", "{6B8984E1-F58E-4E8F-8B3F-B04FA621BD08}"
EndProject
Global
	GlobalSection(SolutionConfigurationPlatforms) = preSolution
		Debug|Any CPU = Debug|Any CPU
		Release|Any CPU = Release|Any CPU
	EndGlobalSection
	GlobalSection(ProjectConfigurationPlatforms) = postSolution
		{B5F9C3D1-DB51-4BB6-9B04-4B597280BA46}.Debug|Any CPU.ActiveCfg = Debug|Any CPU
		{B5F9C3D1-DB51-4BB6-9B04-4B597280BA46}.Debug|Any CPU.Build.0 = Debug|Any CPU
		{B5F9C3D1-DB51-4BB6-9B04-4B597280BA46}.Release|Any CPU.ActiveCfg = Release|Any CPU
		{B5F9C3D1-DB51-4BB6-9B04-4B597280BA46}.Release|Any CPU.Build.0 = Release|Any CPU
		{756E8394-FFCB-4765-9515-CF993E34DA31}.Debug|Any CPU.ActiveCfg = Debug|Any CPU
		{756E8394-FFCB-4765-9515-CF993E34DA31}.Debug|Any CPU.Build.0 = Debug|Any CPU
		{756E8394-FFCB-4765-9515-CF993E34DA31}.Release|Any CPU.ActiveCfg = Release|Any CPU
		{756E8394-FFCB-4765-9515-CF993E34DA31}.Release|Any CPU.Build.0 = Release|Any CPU
		{F491F551-39DA-4CB7-B1A5-0776166B9289}.Debug|Any CPU.ActiveCfg = Debug|Any CPU
		{F491F551-39DA-4CB7-B1A5-0776166B9289}.Debug|Any CPU.Build.0 = Debug|Any CPU
		{F491F551-39DA-4CB7-B1A5-0776166B9289}.Release|Any CPU.ActiveCfg = Release|Any CPU
		{F491F551-39DA-4CB7-B1A5-0776166B9289}.Release|Any CPU.Build.0 = Release|Any CPU
		{6B8984E1-F58E-4E8F-8B3F-B04FA621BD08}.Debug|Any CPU.ActiveCfg = Debug|Any CPU
		{6B8984E1-F58E-4E8F-8B3F-B04FA621BD08}.Debug|Any CPU.Build.0 = Debug|Any CPU
		{6B8984E1-F58E-4E8F-8B3F-B04FA621BD08}.Release|Any CPU.ActiveCfg = Release|Any CPU
		{6B8984E1-F58E-4E8F-8B3F-B04FA621BD08}.Release|Any CPU.Build.0 = Release|Any CPU
	EndGlobalSection
	GlobalSection(SolutionProperties) = preSolution
		HideSolutionNode = FALSE
	EndGlobalSection
	GlobalSection(ExtensibilityGlobals) = postSolution
		SolutionGuid = {633C43D1-8FCA-4A5F-8E31-F3D937EC4E6E}
	EndGlobalSection
EndGlobal
